
Microsoft Visual Studio Solution File, Format Version 12.00
# Visual Studio Version 16
VisualStudioVersion = 16.0.31911.196
MinimumVisualStudioVersion = 10.0.40219.1
Project("{9A19103F-16F7-4668-BE54-9A1E7A4F7556}") = "Metotlar", "Metotlar\Metotlar.csproj", "{FBF325B9-15F8-43F8-A785-6EE853461FC9}"
EndProject
Project("{9A19103F-16F7-4668-BE54-9A1E7A4F7556}") = "Matematik", "Matematik\Matematik.csproj", "{54BD5AC6-90C9-488B-9AE4-C0A4DE087819}"
EndProject
Project("{9A19103F-16F7-4668-BE54-9A1E7A4F7556}") = "DegerVeReferansTipler", "DegerVeReferansTipler\DegerVeReferansTipler.csproj", "{A669BD1F-9B7C-4A3D-8477-4640CFCF54BA}"
EndProject
Project("{9A19103F-16F7-4668-BE54-9A1E7A4F7556}") = "OOP1", "OOP1\OOP1.csproj", "{01FF2066-686E-4360-89D5-E53619DFF172}"
EndProject
Project("{9A19103F-16F7-4668-BE54-9A1E7A4F7556}") = "Collections", "Collections\Collections.csproj", "{DA3F3FF5-723A-40CE-87D8-B0BEA776A6F5}"
EndProject
Project("{9A19103F-16F7-4668-BE54-9A1E7A4F7556}") = "GenericsIntro", "GenericsIntro\GenericsIntro.csproj", "{602F87DB-A1A5-4D80-9419-08034C6E3405}"
EndProject
Project("{FAE04EC0-301F-11D3-BF4B-00C04F79EFBC}") = "OOP2", "OOP2\OOP2.csproj", "{98512224-DCF3-457B-AC50-03D4838E8E70}"
EndProject
Project("{FAE04EC0-301F-11D3-BF4B-00C04F79EFBC}") = "OOP3", "OOP3\OOP3.csproj", "{62B26784-7694-4DB2-BD02-235A872F9DA7}"
EndProject
Global
	GlobalSection(SolutionConfigurationPlatforms) = preSolution
		Debug|Any CPU = Debug|Any CPU
		Release|Any CPU = Release|Any CPU
	EndGlobalSection
	GlobalSection(ProjectConfigurationPlatforms) = postSolution
		{FBF325B9-15F8-43F8-A785-6EE853461FC9}.Debug|Any CPU.ActiveCfg = Debug|Any CPU
		{FBF325B9-15F8-43F8-A785-6EE853461FC9}.Debug|Any CPU.Build.0 = Debug|Any CPU
		{FBF325B9-15F8-43F8-A785-6EE853461FC9}.Release|Any CPU.ActiveCfg = Release|Any CPU
		{FBF325B9-15F8-43F8-A785-6EE853461FC9}.Release|Any CPU.Build.0 = Release|Any CPU
		{54BD5AC6-90C9-488B-9AE4-C0A4DE087819}.Debug|Any CPU.ActiveCfg = Debug|Any CPU
		{54BD5AC6-90C9-488B-9AE4-C0A4DE087819}.Debug|Any CPU.Build.0 = Debug|Any CPU
		{54BD5AC6-90C9-488B-9AE4-C0A4DE087819}.Release|Any CPU.ActiveCfg = Release|Any CPU
		{54BD5AC6-90C9-488B-9AE4-C0A4DE087819}.Release|Any CPU.Build.0 = Release|Any CPU
		{A669BD1F-9B7C-4A3D-8477-4640CFCF54BA}.Debug|Any CPU.ActiveCfg = Debug|Any CPU
		{A669BD1F-9B7C-4A3D-8477-4640CFCF54BA}.Debug|Any CPU.Build.0 = Debug|Any CPU
		{A669BD1F-9B7C-4A3D-8477-4640CFCF54BA}.Release|Any CPU.ActiveCfg = Release|Any CPU
		{A669BD1F-9B7C-4A3D-8477-4640CFCF54BA}.Release|Any CPU.Build.0 = Release|Any CPU
		{01FF2066-686E-4360-89D5-E53619DFF172}.Debug|Any CPU.ActiveCfg = Debug|Any CPU
		{01FF2066-686E-4360-89D5-E53619DFF172}.Debug|Any CPU.Build.0 = Debug|Any CPU
		{01FF2066-686E-4360-89D5-E53619DFF172}.Release|Any CPU.ActiveCfg = Release|Any CPU
		{01FF2066-686E-4360-89D5-E53619DFF172}.Release|Any CPU.Build.0 = Release|Any CPU
		{DA3F3FF5-723A-40CE-87D8-B0BEA776A6F5}.Debug|Any CPU.ActiveCfg = Debug|Any CPU
		{DA3F3FF5-723A-40CE-87D8-B0BEA776A6F5}.Debug|Any CPU.Build.0 = Debug|Any CPU
		{DA3F3FF5-723A-40CE-87D8-B0BEA776A6F5}.Release|Any CPU.ActiveCfg = Release|Any CPU
		{DA3F3FF5-723A-40CE-87D8-B0BEA776A6F5}.Release|Any CPU.Build.0 = Release|Any CPU
		{602F87DB-A1A5-4D80-9419-08034C6E3405}.Debug|Any CPU.ActiveCfg = Debug|Any CPU
		{602F87DB-A1A5-4D80-9419-08034C6E3405}.Debug|Any CPU.Build.0 = Debug|Any CPU
		{602F87DB-A1A5-4D80-9419-08034C6E3405}.Release|Any CPU.ActiveCfg = Release|Any CPU
		{602F87DB-A1A5-4D80-9419-08034C6E3405}.Release|Any CPU.Build.0 = Release|Any CPU
		{98512224-DCF3-457B-AC50-03D4838E8E70}.Debug|Any CPU.ActiveCfg = Debug|Any CPU
		{98512224-DCF3-457B-AC50-03D4838E8E70}.Debug|Any CPU.Build.0 = Debug|Any CPU
		{98512224-DCF3-457B-AC50-03D4838E8E70}.Release|Any CPU.ActiveCfg = Release|Any CPU
		{98512224-DCF3-457B-AC50-03D4838E8E70}.Release|Any CPU.Build.0 = Release|Any CPU
		{62B26784-7694-4DB2-BD02-235A872F9DA7}.Debug|Any CPU.ActiveCfg = Debug|Any CPU
		{62B26784-7694-4DB2-BD02-235A872F9DA7}.Debug|Any CPU.Build.0 = Debug|Any CPU
		{62B26784-7694-4DB2-BD02-235A872F9DA7}.Release|Any CPU.ActiveCfg = Release|Any CPU
		{62B26784-7694-4DB2-BD02-235A872F9DA7}.Release|Any CPU.Build.0 = Release|Any CPU
	EndGlobalSection
	GlobalSection(SolutionProperties) = preSolution
		HideSolutionNode = FALSE
	EndGlobalSection
	GlobalSection(ExtensibilityGlobals) = postSolution
		SolutionGuid = {9816F3C9-5EFA-4E1E-BADE-9B75A71736CB}
	EndGlobalSection
EndGlobal
